PODS:
  - SensorsAnalyticsSDK/core (1.10.10)
  - SensorsAnalyticsSDK/ENABLE_REACT_NATIVE_APPCLICK (1.10.10):
    - SensorsAnalyticsSDK/core

DEPENDENCIES:
  - SensorsAnalyticsSDK/ENABLE_REACT_NATIVE_APPCLICK

SPEC REPOS:
  https://github.com/cocoapods/specs.git:
    - SensorsAnalyticsSDK

SPEC CHECKSUMS:
  SensorsAnalyticsSDK: ee382dd3ff59b6788a535a29e23af45c42ed212f

PODFILE CHECKSUM: 9ca6035c899590f5c1ee9652f2dd8e8fefdf0047

COCOAPODS: 1.5.3
