PODS:
  - SensorsAnalyticsSDK/core (1.10.18)
  - SensorsAnalyticsSDK/ENABLE_REACT_NATIVE_APPCLICK (1.10.18):
    - SensorsAnalyticsSDK/core

DEPENDENCIES:
  - SensorsAnalyticsSDK/ENABLE_REACT_NATIVE_APPCLICK

SPEC REPOS:
  https://github.com/cocoapods/specs.git:
    - SensorsAnalyticsSDK

SPEC CHECKSUMS:
  SensorsAnalyticsSDK: c1bb542c9b4962f48645744874ff8ceda84669f5

PODFILE CHECKSUM: 9ca6035c899590f5c1ee9652f2dd8e8fefdf0047

COCOAPODS: 1.5.3
